
Microsoft Visual Studio Solution File, Format Version 12.00
# Visual Studio Version 17
VisualStudioVersion = 17.8.34330.188
MinimumVisualStudioVersion = 10.0.40219.1
Project("{FAE04EC0-301F-11D3-BF4B-00C04F79EFBC}") = "LeadsHR", "LeadsHR\LeadsHR.csproj", "{577548CA-8E6F-4A78-B7D5-BB2B8E85BFEB}"
EndProject
Global
	GlobalSection(SolutionConfigurationPlatforms) = preSolution
		Debug|Any CPU = Debug|Any CPU
		Release|Any CPU = Release|Any CPU
	EndGlobalSection
	GlobalSection(ProjectConfigurationPlatforms) = postSolution
		{577548CA-8E6F-4A78-B7D5-BB2B8E85BFEB}.Debug|Any CPU.ActiveCfg = Debug|Any CPU
		{577548CA-8E6F-4A78-B7D5-BB2B8E85BFEB}.Debug|Any CPU.Build.0 = Debug|Any CPU
		{577548CA-8E6F-4A78-B7D5-BB2B8E85BFEB}.Release|Any CPU.ActiveCfg = Release|Any CPU
		{577548CA-8E6F-4A78-B7D5-BB2B8E85BFEB}.Release|Any CPU.Build.0 = Release|Any CPU
	EndGlobalSection
	GlobalSection(SolutionProperties) = preSolution
		HideSolutionNode = FALSE
	EndGlobalSection
	GlobalSection(ExtensibilityGlobals) = postSolution
		SolutionGuid = {A1D487F4-4882-4FBE-8583-BCFBA49BC9C8}
	EndGlobalSection
EndGlobal
